
Microsoft Visual Studio Solution File, Format Version 12.00
# Visual Studio Version 17
VisualStudioVersion = 17.8.34408.163
MinimumVisualStudioVersion = 10.0.40219.1
Project("{FAE04EC0-301F-11D3-BF4B-00C04F79EFBC}") = "EjercicioInterfaces", "EjercicioInterfaces\EjercicioInterfaces.csproj", "{81EEF7A5-67E9-4B5D-91FC-E0796E7CA6FA}"
EndProject
Global
	GlobalSection(SolutionConfigurationPlatforms) = preSolution
		Debug|Any CPU = Debug|Any CPU
		Release|Any CPU = Release|Any CPU
	EndGlobalSection
	GlobalSection(ProjectConfigurationPlatforms) = postSolution
		{81EEF7A5-67E9-4B5D-91FC-E0796E7CA6FA}.Debug|Any CPU.ActiveCfg = Debug|Any CPU
		{81EEF7A5-67E9-4B5D-91FC-E0796E7CA6FA}.Debug|Any CPU.Build.0 = Debug|Any CPU
		{81EEF7A5-67E9-4B5D-91FC-E0796E7CA6FA}.Release|Any CPU.ActiveCfg = Release|Any CPU
		{81EEF7A5-67E9-4B5D-91FC-E0796E7CA6FA}.Release|Any CPU.Build.0 = Release|Any CPU
	EndGlobalSection
	GlobalSection(SolutionProperties) = preSolution
		HideSolutionNode = FALSE
	EndGlobalSection
	GlobalSection(ExtensibilityGlobals) = postSolution
		SolutionGuid = {0E2180EA-6471-4E7E-A4C7-D02B1475B958}
	EndGlobalSection
EndGlobal
